
Microsoft Visual Studio Solution File, Format Version 12.00
Project("{FAE04EC0-301F-11D3-BF4B-00C04F79EFBC}") = "OutputCaching", "OutputCaching\OutputCaching.csproj", "{B70F005C-46EE-4DE0-B0FD-F47D97EA12EC}"
EndProject
Project("{2150E333-8FDC-42A3-9474-1A3956D46DE8}") = "Solution Items", "Solution Items", "{38EA3009-AAA5-4BA5-AE3B-07E1004ED7F8}"
	ProjectSection(SolutionItems) = preProject
		docker-compose.yml = docker-compose.yml
	EndProjectSection
EndProject
Project("{FAE04EC0-301F-11D3-BF4B-00C04F79EFBC}") = "OutputCacheBenchmark", "OutputCacheBenchmark\OutputCacheBenchmark.csproj", "{1D997F41-D982-489A-8173-3B9D97EBFCB8}"
EndProject
Global
	GlobalSection(SolutionConfigurationPlatforms) = preSolution
		Debug|Any CPU = Debug|Any CPU
		Release|Any CPU = Release|Any CPU
	EndGlobalSection
	GlobalSection(ProjectConfigurationPlatforms) = postSolution
		{B70F005C-46EE-4DE0-B0FD-F47D97EA12EC}.Debug|Any CPU.ActiveCfg = Debug|Any CPU
		{B70F005C-46EE-4DE0-B0FD-F47D97EA12EC}.Debug|Any CPU.Build.0 = Debug|Any CPU
		{B70F005C-46EE-4DE0-B0FD-F47D97EA12EC}.Release|Any CPU.ActiveCfg = Release|Any CPU
		{B70F005C-46EE-4DE0-B0FD-F47D97EA12EC}.Release|Any CPU.Build.0 = Release|Any CPU
		{1D997F41-D982-489A-8173-3B9D97EBFCB8}.Debug|Any CPU.ActiveCfg = Debug|Any CPU
		{1D997F41-D982-489A-8173-3B9D97EBFCB8}.Debug|Any CPU.Build.0 = Debug|Any CPU
		{1D997F41-D982-489A-8173-3B9D97EBFCB8}.Release|Any CPU.ActiveCfg = Release|Any CPU
		{1D997F41-D982-489A-8173-3B9D97EBFCB8}.Release|Any CPU.Build.0 = Release|Any CPU
	EndGlobalSection
EndGlobal
