
Microsoft Visual Studio Solution File, Format Version 12.00
Project("{FAE04EC0-301F-11D3-BF4B-00C04F79EFBC}") = "AN.Domain", "AN.Domain\AN.Domain.csproj", "{4FE24FA4-98E6-4264-929A-93F0959ACF5B}"
EndProject
Project("{FAE04EC0-301F-11D3-BF4B-00C04F79EFBC}") = "AN.Infrastructure", "AN.Infrastructure\AN.Infrastructure.csproj", "{535E456D-D168-43C2-BE0C-74FCEAC88D27}"
EndProject
Project("{2150E333-8FDC-42A3-9474-1A3956D46DE8}") = "src", "src", "{2B1AA7BC-6129-451A-B1E0-2A13D8914BC8}"
EndProject
Project("{2150E333-8FDC-42A3-9474-1A3956D46DE8}") = "test", "test", "{762A4FBC-F0BC-4515-9F4C-F47EAC868A35}"
EndProject
Project("{FAE04EC0-301F-11D3-BF4B-00C04F79EFBC}") = "AN.Application", "AN.Application\AN.Application.csproj", "{C07AFB3E-75FF-436D-8640-F862432DE170}"
EndProject
Project("{FAE04EC0-301F-11D3-BF4B-00C04F79EFBC}") = "AN.WebApi", "AN.WebApi\AN.WebApi.csproj", "{7F7F2CE7-171A-4A59-A414-87880AD95BAA}"
EndProject
Project("{FAE04EC0-301F-11D3-BF4B-00C04F79EFBC}") = "AN.Domain.Tests", "AN.Domain.Tests\AN.Domain.Tests.csproj", "{E228C3B7-AFD1-45CC-B5DC-52D3F27C9D46}"
EndProject
Project("{FAE04EC0-301F-11D3-BF4B-00C04F79EFBC}") = "AN.IntegrationEvents", "AN.IntegrationEvents\AN.IntegrationEvents.csproj", "{F5FCEBE9-41BD-46B6-B613-F85D0A6C41F5}"
EndProject
Global
	GlobalSection(SolutionConfigurationPlatforms) = preSolution
		Debug|Any CPU = Debug|Any CPU
		Release|Any CPU = Release|Any CPU
	EndGlobalSection
	GlobalSection(ProjectConfigurationPlatforms) = postSolution
		{4FE24FA4-98E6-4264-929A-93F0959ACF5B}.Debug|Any CPU.ActiveCfg = Debug|Any CPU
		{4FE24FA4-98E6-4264-929A-93F0959ACF5B}.Debug|Any CPU.Build.0 = Debug|Any CPU
		{4FE24FA4-98E6-4264-929A-93F0959ACF5B}.Release|Any CPU.ActiveCfg = Release|Any CPU
		{4FE24FA4-98E6-4264-929A-93F0959ACF5B}.Release|Any CPU.Build.0 = Release|Any CPU
		{535E456D-D168-43C2-BE0C-74FCEAC88D27}.Debug|Any CPU.ActiveCfg = Debug|Any CPU
		{535E456D-D168-43C2-BE0C-74FCEAC88D27}.Debug|Any CPU.Build.0 = Debug|Any CPU
		{535E456D-D168-43C2-BE0C-74FCEAC88D27}.Release|Any CPU.ActiveCfg = Release|Any CPU
		{535E456D-D168-43C2-BE0C-74FCEAC88D27}.Release|Any CPU.Build.0 = Release|Any CPU
		{C07AFB3E-75FF-436D-8640-F862432DE170}.Debug|Any CPU.ActiveCfg = Debug|Any CPU
		{C07AFB3E-75FF-436D-8640-F862432DE170}.Debug|Any CPU.Build.0 = Debug|Any CPU
		{C07AFB3E-75FF-436D-8640-F862432DE170}.Release|Any CPU.ActiveCfg = Release|Any CPU
		{C07AFB3E-75FF-436D-8640-F862432DE170}.Release|Any CPU.Build.0 = Release|Any CPU
		{7F7F2CE7-171A-4A59-A414-87880AD95BAA}.Debug|Any CPU.ActiveCfg = Debug|Any CPU
		{7F7F2CE7-171A-4A59-A414-87880AD95BAA}.Debug|Any CPU.Build.0 = Debug|Any CPU
		{7F7F2CE7-171A-4A59-A414-87880AD95BAA}.Release|Any CPU.ActiveCfg = Release|Any CPU
		{7F7F2CE7-171A-4A59-A414-87880AD95BAA}.Release|Any CPU.Build.0 = Release|Any CPU
		{E228C3B7-AFD1-45CC-B5DC-52D3F27C9D46}.Debug|Any CPU.ActiveCfg = Debug|Any CPU
		{E228C3B7-AFD1-45CC-B5DC-52D3F27C9D46}.Debug|Any CPU.Build.0 = Debug|Any CPU
		{E228C3B7-AFD1-45CC-B5DC-52D3F27C9D46}.Release|Any CPU.ActiveCfg = Release|Any CPU
		{E228C3B7-AFD1-45CC-B5DC-52D3F27C9D46}.Release|Any CPU.Build.0 = Release|Any CPU
		{F5FCEBE9-41BD-46B6-B613-F85D0A6C41F5}.Debug|Any CPU.ActiveCfg = Debug|Any CPU
		{F5FCEBE9-41BD-46B6-B613-F85D0A6C41F5}.Debug|Any CPU.Build.0 = Debug|Any CPU
		{F5FCEBE9-41BD-46B6-B613-F85D0A6C41F5}.Release|Any CPU.ActiveCfg = Release|Any CPU
		{F5FCEBE9-41BD-46B6-B613-F85D0A6C41F5}.Release|Any CPU.Build.0 = Release|Any CPU
	EndGlobalSection
	GlobalSection(NestedProjects) = preSolution
		{4FE24FA4-98E6-4264-929A-93F0959ACF5B} = {2B1AA7BC-6129-451A-B1E0-2A13D8914BC8}
		{535E456D-D168-43C2-BE0C-74FCEAC88D27} = {2B1AA7BC-6129-451A-B1E0-2A13D8914BC8}
		{C07AFB3E-75FF-436D-8640-F862432DE170} = {2B1AA7BC-6129-451A-B1E0-2A13D8914BC8}
		{7F7F2CE7-171A-4A59-A414-87880AD95BAA} = {2B1AA7BC-6129-451A-B1E0-2A13D8914BC8}
		{E228C3B7-AFD1-45CC-B5DC-52D3F27C9D46} = {762A4FBC-F0BC-4515-9F4C-F47EAC868A35}
		{F5FCEBE9-41BD-46B6-B613-F85D0A6C41F5} = {2B1AA7BC-6129-451A-B1E0-2A13D8914BC8}
	EndGlobalSection
EndGlobal
